PODS:
  - SwiftFormat/CLI (0.46.2)
  - SwiftLint (0.40.2)

DEPENDENCIES:
  - SwiftFormat/CLI
  - SwiftLint

SPEC REPOS:
  trunk:
    - SwiftFormat
    - SwiftLint

SPEC CHECKSUMS:
  SwiftFormat: 46baf677c105265a99b488b51cd062e23eb2fc14
  SwiftLint: 1216c910d27c2633ade33b4f071bb6b930982e62

PODFILE CHECKSUM: 947bb19ee8dd12196539e4f4a0a032c0b46b1085

COCOAPODS: 1.9.0
